
Microsoft Visual Studio Solution File, Format Version 12.00
# Visual Studio Version 17
VisualStudioVersion = 17.5.33627.172
MinimumVisualStudioVersion = 10.0.40219.1
Project("{FAE04EC0-301F-11D3-BF4B-00C04F79EFBC}") = "API", "src\API\API.csproj", "{3E921321-F253-4528-B009-4D7C78E5EB03}"
EndProject
Project("{FAE04EC0-301F-11D3-BF4B-00C04F79EFBC}") = "DOMAIN", "src\DOMAIN\DOMAIN.csproj", "{A4CFCC74-6D51-4B08-BF3C-631F5E818817}"
EndProject
Project("{FAE04EC0-301F-11D3-BF4B-00C04F79EFBC}") = "INFRA", "src\INFRA\INFRA.csproj", "{7295AEF8-3D9B-41C5-AD02-565D63141792}"
EndProject
Global
	GlobalSection(SolutionConfigurationPlatforms) = preSolution
		Debug|Any CPU = Debug|Any CPU
		Release|Any CPU = Release|Any CPU
	EndGlobalSection
	GlobalSection(ProjectConfigurationPlatforms) = postSolution
		{3E921321-F253-4528-B009-4D7C78E5EB03}.Debug|Any CPU.ActiveCfg = Debug|Any CPU
		{3E921321-F253-4528-B009-4D7C78E5EB03}.Debug|Any CPU.Build.0 = Debug|Any CPU
		{3E921321-F253-4528-B009-4D7C78E5EB03}.Release|Any CPU.ActiveCfg = Release|Any CPU
		{3E921321-F253-4528-B009-4D7C78E5EB03}.Release|Any CPU.Build.0 = Release|Any CPU
		{A4CFCC74-6D51-4B08-BF3C-631F5E818817}.Debug|Any CPU.ActiveCfg = Debug|Any CPU
		{A4CFCC74-6D51-4B08-BF3C-631F5E818817}.Debug|Any CPU.Build.0 = Debug|Any CPU
		{A4CFCC74-6D51-4B08-BF3C-631F5E818817}.Release|Any CPU.ActiveCfg = Release|Any CPU
		{A4CFCC74-6D51-4B08-BF3C-631F5E818817}.Release|Any CPU.Build.0 = Release|Any CPU
		{7295AEF8-3D9B-41C5-AD02-565D63141792}.Debug|Any CPU.ActiveCfg = Debug|Any CPU
		{7295AEF8-3D9B-41C5-AD02-565D63141792}.Debug|Any CPU.Build.0 = Debug|Any CPU
		{7295AEF8-3D9B-41C5-AD02-565D63141792}.Release|Any CPU.ActiveCfg = Release|Any CPU
		{7295AEF8-3D9B-41C5-AD02-565D63141792}.Release|Any CPU.Build.0 = Release|Any CPU
	EndGlobalSection
	GlobalSection(SolutionProperties) = preSolution
		HideSolutionNode = FALSE
	EndGlobalSection
	GlobalSection(ExtensibilityGlobals) = postSolution
		SolutionGuid = {194EFC7C-1B7D-44AD-995B-36D741F04196}
	EndGlobalSection
EndGlobal
